
Microsoft Visual Studio Solution File, Format Version 12.00
# Visual Studio Version 17
VisualStudioVersion = 17.11.35327.3
MinimumVisualStudioVersion = 10.0.40219.1
Project("{FAE04EC0-301F-11D3-BF4B-00C04F79EFBC}") = "welcomeapp", "welcomeapp\welcomeapp.csproj", "{ED445228-699F-4EEC-B13F-C859FDA2A1BA}"
EndProject
Global
	GlobalSection(SolutionConfigurationPlatforms) = preSolution
		Debug|Any CPU = Debug|Any CPU
		Release|Any CPU = Release|Any CPU
	EndGlobalSection
	GlobalSection(ProjectConfigurationPlatforms) = postSolution
		{ED445228-699F-4EEC-B13F-C859FDA2A1BA}.Debug|Any CPU.ActiveCfg = Debug|Any CPU
		{ED445228-699F-4EEC-B13F-C859FDA2A1BA}.Debug|Any CPU.Build.0 = Debug|Any CPU
		{ED445228-699F-4EEC-B13F-C859FDA2A1BA}.Release|Any CPU.ActiveCfg = Release|Any CPU
		{ED445228-699F-4EEC-B13F-C859FDA2A1BA}.Release|Any CPU.Build.0 = Release|Any CPU
	EndGlobalSection
	GlobalSection(SolutionProperties) = preSolution
		HideSolutionNode = FALSE
	EndGlobalSection
	GlobalSection(ExtensibilityGlobals) = postSolution
		SolutionGuid = {097EAFDC-B71D-421A-A732-7E6612F90B51}
	EndGlobalSection
EndGlobal
